{
  "originHash" : "9a09c456562c1d280d46ae1ef74a73ac6992c017b6f330669133d01bcbdbb57d",
  "pins" : [
    {
      "identity" : "cartographer",
      "kind" : "remoteSourceControl",
      "location" : "https://github.com/vivekptnk/cartographer.git",
      "state" : {
        "revision" : "1b150485860679e227bd37799e5f3357dcc3a7fe"
      }
    },
    {
      "identity" : "proximakit",
      "kind" : "remoteSourceControl",
      "location" : "https://github.com/vivekptnk/ProximaKit.git",
      "state" : {
        "revision" : "c10508927a2b547d5f78ff25abcf65ae8fc0f2c1",
        "version" : "1.8.0"
      }
    },
    {
      "identity" : "swift-argument-parser",
      "kind" : "remoteSourceControl",
      "location" : "https://github.com/apple/swift-argument-parser",
      "state" : {
        "revision" : "cdd0ef3755280949551dc26dee5de9ddeda89f54",
        "version" : "1.6.2"
      }
    },
    {
      "identity" : "yams",
      "kind" : "remoteSourceControl",
      "location" : "https://github.com/jpsim/Yams.git",
      "state" : {
        "revision" : "3d6871d5b4a5cd519adf233fbb576e0a2af71c17",
        "version" : "5.4.0"
      }
    }
  ],
  "version" : 3
}
