{
  "originHash" : "2351427180b55862eb85189c570f7edb3999556b141d404cec435e4629e229d6",
  "pins" : [
    {
      "identity" : "cartographer",
      "kind" : "remoteSourceControl",
      "location" : "https://github.com/vivekptnk/cartographer.git",
      "state" : {
        "revision" : "1b150485860679e227bd37799e5f3357dcc3a7fe"
      }
    },
    {
      "identity" : "proximakit",
      "kind" : "remoteSourceControl",
      "location" : "https://github.com/vivekptnk/ProximaKit.git",
      "state" : {
        "revision" : "dcc55ca6b44d50707421b1da404c2e49117596e9"
      }
    },
    {
      "identity" : "swift-argument-parser",
      "kind" : "remoteSourceControl",
      "location" : "https://github.com/apple/swift-argument-parser",
      "state" : {
        "revision" : "cdd0ef3755280949551dc26dee5de9ddeda89f54",
        "version" : "1.6.2"
      }
    },
    {
      "identity" : "yams",
      "kind" : "remoteSourceControl",
      "location" : "https://github.com/jpsim/Yams.git",
      "state" : {
        "revision" : "3d6871d5b4a5cd519adf233fbb576e0a2af71c17",
        "version" : "5.4.0"
      }
    }
  ],
  "version" : 3
}
